
Microsoft Visual Studio Solution File, Format Version 12.00
# Visual Studio Version 17
VisualStudioVersion = 17.12.35514.174
MinimumVisualStudioVersion = 10.0.40219.1
Project("{FAE04EC0-301F-11D3-BF4B-00C04F79EFBC}") = "Theory", "Theory\Theory.csproj", "{2F603CDF-4EA4-40A7-81A9-14656EAA4CEE}"
EndProject
Project("{FAE04EC0-301F-11D3-BF4B-00C04F79EFBC}") = "Ex1", "Ex1\Ex1.csproj", "{B5472A09-2094-4C14-A303-DD5A42E202BF}"
EndProject
Project("{FAE04EC0-301F-11D3-BF4B-00C04F79EFBC}") = "Ex2", "Ex2\Ex2.csproj", "{3D1A1FC5-2B83-4C06-8C76-824DA81E913A}"
EndProject
Global
	GlobalSection(SolutionConfigurationPlatforms) = preSolution
		Debug|Any CPU = Debug|Any CPU
		Release|Any CPU = Release|Any CPU
	EndGlobalSection
	GlobalSection(ProjectConfigurationPlatforms) = postSolution
		{2F603CDF-4EA4-40A7-81A9-14656EAA4CEE}.Debug|Any CPU.ActiveCfg = Debug|Any CPU
		{2F603CDF-4EA4-40A7-81A9-14656EAA4CEE}.Debug|Any CPU.Build.0 = Debug|Any CPU
		{2F603CDF-4EA4-40A7-81A9-14656EAA4CEE}.Release|Any CPU.ActiveCfg = Release|Any CPU
		{2F603CDF-4EA4-40A7-81A9-14656EAA4CEE}.Release|Any CPU.Build.0 = Release|Any CPU
		{B5472A09-2094-4C14-A303-DD5A42E202BF}.Debug|Any CPU.ActiveCfg = Debug|Any CPU
		{B5472A09-2094-4C14-A303-DD5A42E202BF}.Debug|Any CPU.Build.0 = Debug|Any CPU
		{B5472A09-2094-4C14-A303-DD5A42E202BF}.Release|Any CPU.ActiveCfg = Release|Any CPU
		{B5472A09-2094-4C14-A303-DD5A42E202BF}.Release|Any CPU.Build.0 = Release|Any CPU
		{3D1A1FC5-2B83-4C06-8C76-824DA81E913A}.Debug|Any CPU.ActiveCfg = Debug|Any CPU
		{3D1A1FC5-2B83-4C06-8C76-824DA81E913A}.Debug|Any CPU.Build.0 = Debug|Any CPU
		{3D1A1FC5-2B83-4C06-8C76-824DA81E913A}.Release|Any CPU.ActiveCfg = Release|Any CPU
		{3D1A1FC5-2B83-4C06-8C76-824DA81E913A}.Release|Any CPU.Build.0 = Release|Any CPU
	EndGlobalSection
	GlobalSection(SolutionProperties) = preSolution
		HideSolutionNode = FALSE
	EndGlobalSection
EndGlobal
