
Microsoft Visual Studio Solution File, Format Version 12.00
# Visual Studio Version 17
VisualStudioVersion = 17.12.35514.174
MinimumVisualStudioVersion = 10.0.40219.1
Project("{FAE04EC0-301F-11D3-BF4B-00C04F79EFBC}") = "Ex1", "Ex1\Ex1.csproj", "{C659EE01-42EC-4655-99E3-CEFDC4834E22}"
EndProject
Project("{FAE04EC0-301F-11D3-BF4B-00C04F79EFBC}") = "Ex2", "Ex2\Ex2.csproj", "{3381E10B-FB6B-47DD-9454-74D18F94A4FB}"
EndProject
Project("{FAE04EC0-301F-11D3-BF4B-00C04F79EFBC}") = "Exx3", "Exx3\Exx3.csproj", "{52EE2DB0-2620-4870-A39D-2599799D1AF2}"
EndProject
Global
	GlobalSection(SolutionConfigurationPlatforms) = preSolution
		Debug|Any CPU = Debug|Any CPU
		Release|Any CPU = Release|Any CPU
	EndGlobalSection
	GlobalSection(ProjectConfigurationPlatforms) = postSolution
		{C659EE01-42EC-4655-99E3-CEFDC4834E22}.Debug|Any CPU.ActiveCfg = Debug|Any CPU
		{C659EE01-42EC-4655-99E3-CEFDC4834E22}.Debug|Any CPU.Build.0 = Debug|Any CPU
		{C659EE01-42EC-4655-99E3-CEFDC4834E22}.Release|Any CPU.ActiveCfg = Release|Any CPU
		{C659EE01-42EC-4655-99E3-CEFDC4834E22}.Release|Any CPU.Build.0 = Release|Any CPU
		{3381E10B-FB6B-47DD-9454-74D18F94A4FB}.Debug|Any CPU.ActiveCfg = Debug|Any CPU
		{3381E10B-FB6B-47DD-9454-74D18F94A4FB}.Debug|Any CPU.Build.0 = Debug|Any CPU
		{3381E10B-FB6B-47DD-9454-74D18F94A4FB}.Release|Any CPU.ActiveCfg = Release|Any CPU
		{3381E10B-FB6B-47DD-9454-74D18F94A4FB}.Release|Any CPU.Build.0 = Release|Any CPU
		{52EE2DB0-2620-4870-A39D-2599799D1AF2}.Debug|Any CPU.ActiveCfg = Debug|Any CPU
		{52EE2DB0-2620-4870-A39D-2599799D1AF2}.Debug|Any CPU.Build.0 = Debug|Any CPU
		{52EE2DB0-2620-4870-A39D-2599799D1AF2}.Release|Any CPU.ActiveCfg = Release|Any CPU
		{52EE2DB0-2620-4870-A39D-2599799D1AF2}.Release|Any CPU.Build.0 = Release|Any CPU
	EndGlobalSection
	GlobalSection(SolutionProperties) = preSolution
		HideSolutionNode = FALSE
	EndGlobalSection
EndGlobal
