
Microsoft Visual Studio Solution File, Format Version 12.00
# Visual Studio Version 17
VisualStudioVersion = 17.12.35514.174 d17.12
MinimumVisualStudioVersion = 10.0.40219.1
Project("{FAE04EC0-301F-11D3-BF4B-00C04F79EFBC}") = "Ex1", "Ex1\Ex1.csproj", "{7F0E1E48-B804-4D95-A063-6557904C43EE}"
EndProject
Project("{FAE04EC0-301F-11D3-BF4B-00C04F79EFBC}") = "Ex2", "Ex2\Ex2.csproj", "{375B940E-C39A-46CA-B542-53A6CE6C60C4}"
EndProject
Project("{FAE04EC0-301F-11D3-BF4B-00C04F79EFBC}") = "Ex3", "Ex3\Ex3.csproj", "{A914001A-0873-445C-8B29-BB5BA1817EE0}"
EndProject
Global
	GlobalSection(SolutionConfigurationPlatforms) = preSolution
		Debug|Any CPU = Debug|Any CPU
		Release|Any CPU = Release|Any CPU
	EndGlobalSection
	GlobalSection(ProjectConfigurationPlatforms) = postSolution
		{7F0E1E48-B804-4D95-A063-6557904C43EE}.Debug|Any CPU.ActiveCfg = Debug|Any CPU
		{7F0E1E48-B804-4D95-A063-6557904C43EE}.Debug|Any CPU.Build.0 = Debug|Any CPU
		{7F0E1E48-B804-4D95-A063-6557904C43EE}.Release|Any CPU.ActiveCfg = Release|Any CPU
		{7F0E1E48-B804-4D95-A063-6557904C43EE}.Release|Any CPU.Build.0 = Release|Any CPU
		{375B940E-C39A-46CA-B542-53A6CE6C60C4}.Debug|Any CPU.ActiveCfg = Debug|Any CPU
		{375B940E-C39A-46CA-B542-53A6CE6C60C4}.Debug|Any CPU.Build.0 = Debug|Any CPU
		{375B940E-C39A-46CA-B542-53A6CE6C60C4}.Release|Any CPU.ActiveCfg = Release|Any CPU
		{375B940E-C39A-46CA-B542-53A6CE6C60C4}.Release|Any CPU.Build.0 = Release|Any CPU
		{A914001A-0873-445C-8B29-BB5BA1817EE0}.Debug|Any CPU.ActiveCfg = Debug|Any CPU
		{A914001A-0873-445C-8B29-BB5BA1817EE0}.Debug|Any CPU.Build.0 = Debug|Any CPU
		{A914001A-0873-445C-8B29-BB5BA1817EE0}.Release|Any CPU.ActiveCfg = Release|Any CPU
		{A914001A-0873-445C-8B29-BB5BA1817EE0}.Release|Any CPU.Build.0 = Release|Any CPU
	EndGlobalSection
	GlobalSection(SolutionProperties) = preSolution
		HideSolutionNode = FALSE
	EndGlobalSection
EndGlobal
